<Solution>
  <Folder Name="/src/">
    <Project Path="src/EasyWinMenu.App/EasyWinMenu.App.csproj" />
    <Project Path="src/EasyWinMenu.Core/EasyWinMenu.Core.csproj" />
  </Folder>
  <Folder Name="/tests/">
    <Project Path="tests/EasyWinMenu.Tests/EasyWinMenu.Tests.csproj" />
    <Project Path="tests/GroupProbe/GroupProbe.csproj" />
  </Folder>
</Solution>
